{
  "name": "team-radio-shared",
  "version": "1.0.0-SNAPSHOT",
  "lockfileVersion": 1,
  "requires": true,
  "dependencies": {
    "get-src": {
      "version": "1.0.1",
      "resolved": "https://artifactorydad.mgm-edv.de/artifactory/api/npm/npm-repos/get-src/-/get-src-1.0.1.tgz",
      "integrity": "sha1-yhHb5Kk8fzqoXOyV/LCy36qVOe4="
    },
    "get-video-id": {
      "version": "3.1.0",
      "resolved": "https://artifactorydad.mgm-edv.de/artifactory/api/npm/npm-repos/get-video-id/-/get-video-id-3.1.0.tgz",
      "integrity": "sha1-RPAlqZ+CT49UeJ3V0L9V0SJTGUA=",
      "requires": {
        "get-src": "^1.0.1"
      }
    },
    "moment": {
      "version": "2.24.0",
      "resolved": "https://registry.npmjs.org/moment/-/moment-2.24.0.tgz",
      "integrity": "sha1-DQVdU/UFKqZTyfbraLtdEr9cK1s="
    },
    "typescript": {
      "version": "3.3.3",
      "resolved": "https://registry.npmjs.org/typescript/-/typescript-3.3.3.tgz",
      "integrity": "sha1-8WV/x9qifhqJMHWKzpro2jFAMiE=",
      "dev": true
    }
  }
}
